
Microsoft Visual Studio Solution File, Format Version 12.00
# Visual Studio Version 17
VisualStudioVersion = 17.13.35931.197 d17.13
MinimumVisualStudioVersion = 10.0.40219.1
Project("{FAE04EC0-301F-11D3-BF4B-00C04F79EFBC}") = "BridgeTest", "BridgeTest\BridgeTest.csproj", "{70A24B48-9DB5-4C02-9049-283FD884CD5A}"
EndProject
Global
	GlobalSection(SolutionConfigurationPlatforms) = preSolution
		Debug|Any CPU = Debug|Any CPU
		Release|Any CPU = Release|Any CPU
	EndGlobalSection
	GlobalSection(ProjectConfigurationPlatforms) = postSolution
		{70A24B48-9DB5-4C02-9049-283FD884CD5A}.Debug|Any CPU.ActiveCfg = Debug|Any CPU
		{70A24B48-9DB5-4C02-9049-283FD884CD5A}.Debug|Any CPU.Build.0 = Debug|Any CPU
		{70A24B48-9DB5-4C02-9049-283FD884CD5A}.Release|Any CPU.ActiveCfg = Release|Any CPU
		{70A24B48-9DB5-4C02-9049-283FD884CD5A}.Release|Any CPU.Build.0 = Release|Any CPU
	EndGlobalSection
	GlobalSection(SolutionProperties) = preSolution
		HideSolutionNode = FALSE
	EndGlobalSection
	GlobalSection(ExtensibilityGlobals) = postSolution
		SolutionGuid = {F0D0144B-965F-43D7-8C3A-31E8F5BEFF26}
	EndGlobalSection
EndGlobal
